
Microsoft Visual Studio Solution File, Format Version 12.00
# Visual Studio Version 16
VisualStudioVersion = 16.0.31702.278
MinimumVisualStudioVersion = 10.0.40219.1
Project("{FAE04EC0-301F-11D3-BF4B-00C04F79EFBC}") = "ConsoleApp1", "ConsoleApp1\ConsoleApp1.csproj", "{E269AE03-6675-4D08-82AB-69D442DAF8CC}"
EndProject
Global
	GlobalSection(SolutionConfigurationPlatforms) = preSolution
		Debug|Any CPU = Debug|Any CPU
		Release|Any CPU = Release|Any CPU
	EndGlobalSection
	GlobalSection(ProjectConfigurationPlatforms) = postSolution
		{E269AE03-6675-4D08-82AB-69D442DAF8CC}.Debug|Any CPU.ActiveCfg = Debug|Any CPU
		{E269AE03-6675-4D08-82AB-69D442DAF8CC}.Debug|Any CPU.Build.0 = Debug|Any CPU
		{E269AE03-6675-4D08-82AB-69D442DAF8CC}.Release|Any CPU.ActiveCfg = Release|Any CPU
		{E269AE03-6675-4D08-82AB-69D442DAF8CC}.Release|Any CPU.Build.0 = Release|Any CPU
	EndGlobalSection
	GlobalSection(SolutionProperties) = preSolution
		HideSolutionNode = FALSE
	EndGlobalSection
	GlobalSection(ExtensibilityGlobals) = postSolution
		SolutionGuid = {F30BEFDB-E232-4EE2-8A67-B7FAFDC4D39E}
	EndGlobalSection
EndGlobal
